
Microsoft Visual Studio Solution File, Format Version 12.00
# Visual Studio 15
VisualStudioVersion = 15.0.28306.52
MinimumVisualStudioVersion = 10.0.40219.1
Project("{FAE04EC0-301F-11D3-BF4B-00C04F79EFBC}") = "MigrationManager", "MigrationManager\MigrationManager.csproj", "{D4926534-236C-40C2-8540-6011CB454023}"
EndProject
Project("{FAE04EC0-301F-11D3-BF4B-00C04F79EFBC}") = "MigrationManager.Tests", "MigrationManager.Tests\MigrationManager.Tests.csproj", "{0CC21232-C75E-4E83-9CC5-5FCB7006D17A}"
EndProject
Global
	GlobalSection(SolutionConfigurationPlatforms) = preSolution
		Debug|Any CPU = Debug|Any CPU
		Release|Any CPU = Release|Any CPU
	EndGlobalSection
	GlobalSection(ProjectConfigurationPlatforms) = postSolution
		{D4926534-236C-40C2-8540-6011CB454023}.Debug|Any CPU.ActiveCfg = Debug|Any CPU
		{D4926534-236C-40C2-8540-6011CB454023}.Debug|Any CPU.Build.0 = Debug|Any CPU
		{D4926534-236C-40C2-8540-6011CB454023}.Release|Any CPU.ActiveCfg = Release|Any CPU
		{D4926534-236C-40C2-8540-6011CB454023}.Release|Any CPU.Build.0 = Release|Any CPU
		{0CC21232-C75E-4E83-9CC5-5FCB7006D17A}.Debug|Any CPU.ActiveCfg = Debug|Any CPU
		{0CC21232-C75E-4E83-9CC5-5FCB7006D17A}.Debug|Any CPU.Build.0 = Debug|Any CPU
		{0CC21232-C75E-4E83-9CC5-5FCB7006D17A}.Release|Any CPU.ActiveCfg = Release|Any CPU
		{0CC21232-C75E-4E83-9CC5-5FCB7006D17A}.Release|Any CPU.Build.0 = Release|Any CPU
	EndGlobalSection
	GlobalSection(SolutionProperties) = preSolution
		HideSolutionNode = FALSE
	EndGlobalSection
	GlobalSection(ExtensibilityGlobals) = postSolution
		SolutionGuid = {9AA5B9F6-E283-40B5-ACE6-78B3626B05D2}
	EndGlobalSection
EndGlobal
